
Microsoft Visual Studio Solution File, Format Version 12.00
# Visual Studio Version 17
VisualStudioVersion = 17.11.35312.102
MinimumVisualStudioVersion = 10.0.40219.1
Project("{FAE04EC0-301F-11D3-BF4B-00C04F79EFBC}") = "WebNB", "WebNB\WebNB.csproj", "{434FF831-4EA0-49CD-92D9-F9EC315C4A15}"
EndProject
Global
	GlobalSection(SolutionConfigurationPlatforms) = preSolution
		Debug|Any CPU = Debug|Any CPU
		Release|Any CPU = Release|Any CPU
	EndGlobalSection
	GlobalSection(ProjectConfigurationPlatforms) = postSolution
		{434FF831-4EA0-49CD-92D9-F9EC315C4A15}.Debug|Any CPU.ActiveCfg = Debug|Any CPU
		{434FF831-4EA0-49CD-92D9-F9EC315C4A15}.Debug|Any CPU.Build.0 = Debug|Any CPU
		{434FF831-4EA0-49CD-92D9-F9EC315C4A15}.Release|Any CPU.ActiveCfg = Release|Any CPU
		{434FF831-4EA0-49CD-92D9-F9EC315C4A15}.Release|Any CPU.Build.0 = Release|Any CPU
	EndGlobalSection
	GlobalSection(SolutionProperties) = preSolution
		HideSolutionNode = FALSE
	EndGlobalSection
	GlobalSection(ExtensibilityGlobals) = postSolution
		SolutionGuid = {770728BE-8478-448E-B5D3-49EC3AA31202}
	EndGlobalSection
EndGlobal
